
Microsoft Visual Studio Solution File, Format Version 12.00
Project("{FAE04EC0-301F-11D3-BF4B-00C04F79EFBC}") = "TestTime", "TestTime\TestTime.csproj", "{835D83B7-F862-4F54-AA4F-9BD72B936061}"
EndProject
Project("{FAE04EC0-301F-11D3-BF4B-00C04F79EFBC}") = "ClassLibTime", "ClassLibTime\ClassLibTime.csproj", "{A800724C-7186-4B93-94D0-5B9132EA5C88}"
EndProject
Global
	GlobalSection(SolutionConfigurationPlatforms) = preSolution
		Debug|Any CPU = Debug|Any CPU
		Release|Any CPU = Release|Any CPU
	EndGlobalSection
	GlobalSection(ProjectConfigurationPlatforms) = postSolution
		{835D83B7-F862-4F54-AA4F-9BD72B936061}.Debug|Any CPU.ActiveCfg = Debug|Any CPU
		{835D83B7-F862-4F54-AA4F-9BD72B936061}.Debug|Any CPU.Build.0 = Debug|Any CPU
		{835D83B7-F862-4F54-AA4F-9BD72B936061}.Release|Any CPU.ActiveCfg = Release|Any CPU
		{835D83B7-F862-4F54-AA4F-9BD72B936061}.Release|Any CPU.Build.0 = Release|Any CPU
		{A800724C-7186-4B93-94D0-5B9132EA5C88}.Debug|Any CPU.ActiveCfg = Debug|Any CPU
		{A800724C-7186-4B93-94D0-5B9132EA5C88}.Debug|Any CPU.Build.0 = Debug|Any CPU
		{A800724C-7186-4B93-94D0-5B9132EA5C88}.Release|Any CPU.ActiveCfg = Release|Any CPU
		{A800724C-7186-4B93-94D0-5B9132EA5C88}.Release|Any CPU.Build.0 = Release|Any CPU
	EndGlobalSection
EndGlobal
